
Microsoft Visual Studio Solution File, Format Version 12.00
# Visual Studio Version 16
VisualStudioVersion = 16.0.30128.74
MinimumVisualStudioVersion = 10.0.40219.1
Project("{FAE04EC0-301F-11D3-BF4B-00C04F79EFBC}") = "Werkcollege05.Oef01", "Werkcollege05.Oef01\Werkcollege05.Oef01.csproj", "{9FF1A8A7-CDFD-44AE-A34A-DC2E549E6ED6}"
EndProject
Global
	GlobalSection(SolutionConfigurationPlatforms) = preSolution
		Debug|Any CPU = Debug|Any CPU
		Release|Any CPU = Release|Any CPU
	EndGlobalSection
	GlobalSection(ProjectConfigurationPlatforms) = postSolution
		{9FF1A8A7-CDFD-44AE-A34A-DC2E549E6ED6}.Debug|Any CPU.ActiveCfg = Debug|Any CPU
		{9FF1A8A7-CDFD-44AE-A34A-DC2E549E6ED6}.Debug|Any CPU.Build.0 = Debug|Any CPU
		{9FF1A8A7-CDFD-44AE-A34A-DC2E549E6ED6}.Release|Any CPU.ActiveCfg = Release|Any CPU
		{9FF1A8A7-CDFD-44AE-A34A-DC2E549E6ED6}.Release|Any CPU.Build.0 = Release|Any CPU
	EndGlobalSection
	GlobalSection(SolutionProperties) = preSolution
		HideSolutionNode = FALSE
	EndGlobalSection
	GlobalSection(ExtensibilityGlobals) = postSolution
		SolutionGuid = {8ACF9E55-263D-42D2-83DF-BFF826788AAA}
	EndGlobalSection
EndGlobal
